
Microsoft Visual Studio Solution File, Format Version 12.00
# Visual Studio Version 16
VisualStudioVersion = 16.0.31424.327
MinimumVisualStudioVersion = 10.0.40219.1
Project("{9A19103F-16F7-4668-BE54-9A1E7A4F7556}") = "Tuan.Net.X", "Tuan.Net.X.csproj", "{9EBEF1BC-95F2-4C8C-9E52-454388D3912E}"
EndProject
Global
	GlobalSection(SolutionConfigurationPlatforms) = preSolution
		Debug|Any CPU = Debug|Any CPU
		Release Examples|Any CPU = Release Examples|Any CPU
		Release|Any CPU = Release|Any CPU
	EndGlobalSection
	GlobalSection(ProjectConfigurationPlatforms) = postSolution
		{9EBEF1BC-95F2-4C8C-9E52-454388D3912E}.Debug|Any CPU.ActiveCfg = Debug|Any CPU
		{9EBEF1BC-95F2-4C8C-9E52-454388D3912E}.Debug|Any CPU.Build.0 = Debug|Any CPU
		{9EBEF1BC-95F2-4C8C-9E52-454388D3912E}.Release Examples|Any CPU.ActiveCfg = Release Examples|Any CPU
		{9EBEF1BC-95F2-4C8C-9E52-454388D3912E}.Release Examples|Any CPU.Build.0 = Release Examples|Any CPU
		{9EBEF1BC-95F2-4C8C-9E52-454388D3912E}.Release|Any CPU.ActiveCfg = Release|Any CPU
		{9EBEF1BC-95F2-4C8C-9E52-454388D3912E}.Release|Any CPU.Build.0 = Release|Any CPU
	EndGlobalSection
	GlobalSection(SolutionProperties) = preSolution
		HideSolutionNode = FALSE
	EndGlobalSection
	GlobalSection(ExtensibilityGlobals) = postSolution
		SolutionGuid = {57A846C3-D2D0-4AB8-9747-4559091ABF00}
	EndGlobalSection
EndGlobal
